{
    "_meta": {
        "hash": {
            "sha256": "305f39fd0c20c01f757d9dcd03a372920216d9f40d8c100f7669557a16d348b7"
        },
        "pipfile-spec": 6,
        "requires": {
            "python_version": "3.10"
        },
        "sources": [
            {
                "name": "pypi",
                "url": "https://pypi.org/simple",
                "verify_ssl": true
            }
        ]
    },
    "default": {},
    "develop": {}
}
